{
  "nodes": {
    "nixpkgs": {
      "locked": {
        "lastModified": 1636098593,
        "narHash": "sha256-G+XtihjRP289Y0/LZdXJ0gUQRT76VNgfMHF5zRnKuCg=",
        "owner": "nixos",
        "repo": "nixpkgs",
        "rev": "621309b2e058e9186c1e6dde8d4ddbd0088f41cd",
        "type": "github"
      },
      "original": {
        "owner": "nixos",
        "repo": "nixpkgs",
        "type": "github"
      }
    },
    "root": {
      "inputs": {
        "nixpkgs": "nixpkgs",
        "utils": "utils"
      }
    },
    "utils": {
      "locked": {
        "lastModified": 1634851050,
        "narHash": "sha256-N83GlSGPJJdcqhUxSCS/WwW5pksYf3VP1M13cDRTSVA=",
        "owner": "numtide",
        "repo": "flake-utils",
        "rev": "c91f3de5adaf1de973b797ef7485e441a65b8935",
        "type": "github"
      },
      "original": {
        "owner": "numtide",
        "repo": "flake-utils",
        "type": "github"
      }
    }
  },
  "root": "root",
  "version": 7
}
